Microsoft Visual Studio Solution File, Format Version 12.00
# Visual Studio Version 17
VisualStudioVersion = 17.5.2.0
MinimumVisualStudioVersion = 10.0.40219.1
Project("{FAE04EC0-301F-11D3-BF4B-00C04F79EFBC}") = "Spielcharakter", "Spielcharakter.csproj", "{94EA2ACC-A8FE-3578-59EF-F9355484F6F1}"
EndProject
Global
	GlobalSection(SolutionConfigurationPlatforms) = preSolution
		Debug|Any CPU = Debug|Any CPU
		Release|Any CPU = Release|Any CPU
	EndGlobalSection
	GlobalSection(ProjectConfigurationPlatforms) = postSolution
		{94EA2ACC-A8FE-3578-59EF-F9355484F6F1}.Debug|Any CPU.ActiveCfg = Debug|Any CPU
		{94EA2ACC-A8FE-3578-59EF-F9355484F6F1}.Debug|Any CPU.Build.0 = Debug|Any CPU
		{94EA2ACC-A8FE-3578-59EF-F9355484F6F1}.Release|Any CPU.ActiveCfg = Release|Any CPU
		{94EA2ACC-A8FE-3578-59EF-F9355484F6F1}.Release|Any CPU.Build.0 = Release|Any CPU
	EndGlobalSection
	GlobalSection(SolutionProperties) = preSolution
		HideSolutionNode = FALSE
	EndGlobalSection
	GlobalSection(ExtensibilityGlobals) = postSolution
		SolutionGuid = {FAF503BD-E249-43E9-AF6A-68D0021EAF94}
	EndGlobalSection
EndGlobal
